
Microsoft Visual Studio Solution File, Format Version 12.00
# Visual Studio Version 16
VisualStudioVersion = 25.0.1705.1
MinimumVisualStudioVersion = 10.0.40219.1
Project("{2150E333-8FDC-42A3-9474-1A3956D46DE8}") = "Services", "Services", "{A0FD7D11-8656-4A16-878C-F96491C9A2C0}"
EndProject
Project("{2150E333-8FDC-42A3-9474-1A3956D46DE8}") = "Catalog", "Catalog", "{C5A3FB43-1078-4CE4-BC90-B4FD5EC4F143}"
EndProject
Project("{FAE04EC0-301F-11D3-BF4B-00C04F79EFBC}") = "Catalog.API", "Services\Catalog\Catalog.API\Catalog.API.csproj", "{9673C1C4-3AC4-4B18-80F8-3DBE5FD3AD0F}"
EndProject
Global
	GlobalSection(SolutionConfigurationPlatforms) = preSolution
		Debug|Any CPU = Debug|Any CPU
		Release|Any CPU = Release|Any CPU
	EndGlobalSection
	GlobalSection(ProjectConfigurationPlatforms) = postSolution
		{9673C1C4-3AC4-4B18-80F8-3DBE5FD3AD0F}.Debug|Any CPU.ActiveCfg = Debug|Any CPU
		{9673C1C4-3AC4-4B18-80F8-3DBE5FD3AD0F}.Debug|Any CPU.Build.0 = Debug|Any CPU
		{9673C1C4-3AC4-4B18-80F8-3DBE5FD3AD0F}.Release|Any CPU.ActiveCfg = Release|Any CPU
		{9673C1C4-3AC4-4B18-80F8-3DBE5FD3AD0F}.Release|Any CPU.Build.0 = Release|Any CPU
	EndGlobalSection
	GlobalSection(SolutionProperties) = preSolution
		HideSolutionNode = FALSE
	EndGlobalSection
	GlobalSection(ExtensibilityGlobals) = postSolution
		SolutionGuid = {E7498259-A44C-45AD-91D7-2DEBBA97F00C}
	EndGlobalSection
	GlobalSection(NestedProjects) = preSolution
		{C5A3FB43-1078-4CE4-BC90-B4FD5EC4F143} = {A0FD7D11-8656-4A16-878C-F96491C9A2C0}
		{9673C1C4-3AC4-4B18-80F8-3DBE5FD3AD0F} = {C5A3FB43-1078-4CE4-BC90-B4FD5EC4F143}
	EndGlobalSection
EndGlobal
